
Microsoft Visual Studio Solution File, Format Version 12.00
# Visual Studio Version 16
VisualStudioVersion = 16.0.31321.278
MinimumVisualStudioVersion = 10.0.40219.1
Project("{FAE04EC0-301F-11D3-BF4B-00C04F79EFBC}") = "Task5", "Task5\Task5.csproj", "{27244C31-62BA-4ECA-8512-7C2708640C16}"
	ProjectSection(ProjectDependencies) = postProject
		{B8859F02-31AF-40E3-AB29-C6E2D8C09A12} = {B8859F02-31AF-40E3-AB29-C6E2D8C09A12}
	EndProjectSection
EndProject
Project("{FAE04EC0-301F-11D3-BF4B-00C04F79EFBC}") = "Task6", "..\Task6\Task6.csproj", "{B8859F02-31AF-40E3-AB29-C6E2D8C09A12}"
EndProject
Global
	GlobalSection(SolutionConfigurationPlatforms) = preSolution
		Debug|Any CPU = Debug|Any CPU
		Release|Any CPU = Release|Any CPU
	EndGlobalSection
	GlobalSection(ProjectConfigurationPlatforms) = postSolution
		{27244C31-62BA-4ECA-8512-7C2708640C16}.Debug|Any CPU.ActiveCfg = Debug|Any CPU
		{27244C31-62BA-4ECA-8512-7C2708640C16}.Debug|Any CPU.Build.0 = Debug|Any CPU
		{27244C31-62BA-4ECA-8512-7C2708640C16}.Release|Any CPU.ActiveCfg = Release|Any CPU
		{27244C31-62BA-4ECA-8512-7C2708640C16}.Release|Any CPU.Build.0 = Release|Any CPU
		{B8859F02-31AF-40E3-AB29-C6E2D8C09A12}.Debug|Any CPU.ActiveCfg = Debug|Any CPU
		{B8859F02-31AF-40E3-AB29-C6E2D8C09A12}.Debug|Any CPU.Build.0 = Debug|Any CPU
		{B8859F02-31AF-40E3-AB29-C6E2D8C09A12}.Release|Any CPU.ActiveCfg = Release|Any CPU
		{B8859F02-31AF-40E3-AB29-C6E2D8C09A12}.Release|Any CPU.Build.0 = Release|Any CPU
	EndGlobalSection
	GlobalSection(SolutionProperties) = preSolution
		HideSolutionNode = FALSE
	EndGlobalSection
	GlobalSection(ExtensibilityGlobals) = postSolution
		SolutionGuid = {5AE3C173-50E4-4F1C-8D6F-357517C239F9}
	EndGlobalSection
EndGlobal
